
Microsoft Visual Studio Solution File, Format Version 12.00
# Visual Studio Version 16
VisualStudioVersion = 16.0.30114.105
MinimumVisualStudioVersion = 10.0.40219.1
Project("{FAE04EC0-301F-11D3-BF4B-00C04F79EFBC}") = "Calculadora", "Calculadora\Calculadora.csproj", "{642A6354-42B3-4C78-9046-0930CB5467C8}"
EndProject
Project("{FAE04EC0-301F-11D3-BF4B-00C04F79EFBC}") = "Calculadora.Lib", "Calculadora.Lib\Calculadora.Lib.csproj", "{63FBF096-5095-4555-8028-308236C24003}"
EndProject
Project("{FAE04EC0-301F-11D3-BF4B-00C04F79EFBC}") = "Calculadora.Tests", "Calculadora.Tests\Calculadora.Tests.csproj", "{61963FCA-B50A-4E41-896E-928249BC890F}"
EndProject
Global
	GlobalSection(SolutionConfigurationPlatforms) = preSolution
		Debug|Any CPU = Debug|Any CPU
		Release|Any CPU = Release|Any CPU
	EndGlobalSection
	GlobalSection(SolutionProperties) = preSolution
		HideSolutionNode = FALSE
	EndGlobalSection
	GlobalSection(ProjectConfigurationPlatforms) = postSolution
		{642A6354-42B3-4C78-9046-0930CB5467C8}.Debug|Any CPU.ActiveCfg = Debug|Any CPU
		{642A6354-42B3-4C78-9046-0930CB5467C8}.Debug|Any CPU.Build.0 = Debug|Any CPU
		{642A6354-42B3-4C78-9046-0930CB5467C8}.Release|Any CPU.ActiveCfg = Release|Any CPU
		{642A6354-42B3-4C78-9046-0930CB5467C8}.Release|Any CPU.Build.0 = Release|Any CPU
		{63FBF096-5095-4555-8028-308236C24003}.Debug|Any CPU.ActiveCfg = Debug|Any CPU
		{63FBF096-5095-4555-8028-308236C24003}.Debug|Any CPU.Build.0 = Debug|Any CPU
		{63FBF096-5095-4555-8028-308236C24003}.Release|Any CPU.ActiveCfg = Release|Any CPU
		{63FBF096-5095-4555-8028-308236C24003}.Release|Any CPU.Build.0 = Release|Any CPU
		{61963FCA-B50A-4E41-896E-928249BC890F}.Debug|Any CPU.ActiveCfg = Debug|Any CPU
		{61963FCA-B50A-4E41-896E-928249BC890F}.Debug|Any CPU.Build.0 = Debug|Any CPU
		{61963FCA-B50A-4E41-896E-928249BC890F}.Release|Any CPU.ActiveCfg = Release|Any CPU
		{61963FCA-B50A-4E41-896E-928249BC890F}.Release|Any CPU.Build.0 = Release|Any CPU
	EndGlobalSection
EndGlobal
